
Microsoft Visual Studio Solution File, Format Version 12.00
# Visual Studio Version 16
VisualStudioVersion = 16.0.31624.102
MinimumVisualStudioVersion = 10.0.40219.1
Project("{FAE04EC0-301F-11D3-BF4B-00C04F79EFBC}") = "senai.wishlist.WebAPI", "senai.wishlist.WebAPI\senai.wishlist.WebAPI.csproj", "{84E01F35-C088-4AAF-BA23-9CA923070ED9}"
EndProject
Global
	GlobalSection(SolutionConfigurationPlatforms) = preSolution
		Debug|Any CPU = Debug|Any CPU
		Release|Any CPU = Release|Any CPU
	EndGlobalSection
	GlobalSection(ProjectConfigurationPlatforms) = postSolution
		{84E01F35-C088-4AAF-BA23-9CA923070ED9}.Debug|Any CPU.ActiveCfg = Debug|Any CPU
		{84E01F35-C088-4AAF-BA23-9CA923070ED9}.Debug|Any CPU.Build.0 = Debug|Any CPU
		{84E01F35-C088-4AAF-BA23-9CA923070ED9}.Release|Any CPU.ActiveCfg = Release|Any CPU
		{84E01F35-C088-4AAF-BA23-9CA923070ED9}.Release|Any CPU.Build.0 = Release|Any CPU
	EndGlobalSection
	GlobalSection(SolutionProperties) = preSolution
		HideSolutionNode = FALSE
	EndGlobalSection
	GlobalSection(ExtensibilityGlobals) = postSolution
		SolutionGuid = {2728C5D3-6EA1-4B69-B0DC-68ADBDB729C7}
	EndGlobalSection
EndGlobal
